
Microsoft Visual Studio Solution File, Format Version 12.00
# Visual Studio 15
VisualStudioVersion = 15.0.27703.2042
MinimumVisualStudioVersion = 10.0.40219.1
Project("{9A19103F-16F7-4668-BE54-9A1E7A4F7556}") = "FreneticUtilities", "FreneticUtilities\FreneticUtilities.csproj", "{1DB47D6A-4225-4F25-8559-2C6292496953}"
EndProject
Global
	GlobalSection(SolutionConfigurationPlatforms) = preSolution
		DebugNetCore|Any CPU = DebugNetCore|Any CPU
		ReleaseNet461|Any CPU = ReleaseNet461|Any CPU
		ReleaseNetCore|Any CPU = ReleaseNetCore|Any CPU
	EndGlobalSection
	GlobalSection(ProjectConfigurationPlatforms) = postSolution
		{1DB47D6A-4225-4F25-8559-2C6292496953}.DebugNetCore|Any CPU.ActiveCfg = DebugNetCore|Any CPU
		{1DB47D6A-4225-4F25-8559-2C6292496953}.DebugNetCore|Any CPU.Build.0 = DebugNetCore|Any CPU
		{1DB47D6A-4225-4F25-8559-2C6292496953}.ReleaseNet461|Any CPU.ActiveCfg = ReleaseNet461|Any CPU
		{1DB47D6A-4225-4F25-8559-2C6292496953}.ReleaseNet461|Any CPU.Build.0 = ReleaseNet461|Any CPU
	EndGlobalSection
	GlobalSection(SolutionProperties) = preSolution
		HideSolutionNode = FALSE
	EndGlobalSection
	GlobalSection(ExtensibilityGlobals) = postSolution
		SolutionGuid = {E202D98B-F631-4B66-A416-779FD7C1C2BB}
	EndGlobalSection
EndGlobal
