
Microsoft Visual Studio Solution File, Format Version 12.00
# Visual Studio Version 16
VisualStudioVersion = 16.0.30011.22
MinimumVisualStudioVersion = 10.0.40219.1
Project("{9A19103F-16F7-4668-BE54-9A1E7A4F7556}") = "FreneticUtilities", "FreneticUtilities\FreneticUtilities.csproj", "{1DB47D6A-4225-4F25-8559-2C6292496953}"
EndProject
Project("{9A19103F-16F7-4668-BE54-9A1E7A4F7556}") = "FreneticUtilitiesTester", "FreneticUtilitiesTester\FreneticUtilitiesTester.csproj", "{1DB47D6A-4225-4F25-4259-2C6292496953}"
EndProject
Project("{9A19103F-16F7-4668-BE54-9A1E7A4F7556}") = "FreneticUtilitiesUnitTests", "FreneticUtilitiesUnitTests\FreneticUtilitiesUnitTests.csproj", "{BC791A53-E852-4E99-90F9-4E9CF3138C14}"
EndProject
Global
	GlobalSection(SolutionConfigurationPlatforms) = preSolution
		Debug|Any CPU = Debug|Any CPU
		Release|Any CPU = Release|Any CPU
	EndGlobalSection
	GlobalSection(ProjectConfigurationPlatforms) = postSolution
		{1DB47D6A-4225-4F25-8559-2C6292496953}.Debug|Any CPU.ActiveCfg = Debug|Any CPU
		{1DB47D6A-4225-4F25-8559-2C6292496953}.Debug|Any CPU.Build.0 = Debug|Any CPU
		{1DB47D6A-4225-4F25-8559-2C6292496953}.Release|Any CPU.ActiveCfg = Release|Any CPU
		{1DB47D6A-4225-4F25-8559-2C6292496953}.Release|Any CPU.Build.0 = Release|Any CPU
		{1DB47D6A-4225-4F25-4259-2C6292496953}.Debug|Any CPU.ActiveCfg = Debug|Any CPU
		{1DB47D6A-4225-4F25-4259-2C6292496953}.Debug|Any CPU.Build.0 = Debug|Any CPU
		{1DB47D6A-4225-4F25-4259-2C6292496953}.Release|Any CPU.ActiveCfg = Release|Any CPU
		{1DB47D6A-4225-4F25-4259-2C6292496953}.Release|Any CPU.Build.0 = Release|Any CPU
		{BC791A53-E852-4E99-90F9-4E9CF3138C14}.Debug|Any CPU.ActiveCfg = Debug|Any CPU
		{BC791A53-E852-4E99-90F9-4E9CF3138C14}.Debug|Any CPU.Build.0 = Debug|Any CPU
		{BC791A53-E852-4E99-90F9-4E9CF3138C14}.Release|Any CPU.ActiveCfg = Release|Any CPU
		{BC791A53-E852-4E99-90F9-4E9CF3138C14}.Release|Any CPU.Build.0 = Release|Any CPU
	EndGlobalSection
	GlobalSection(SolutionProperties) = preSolution
		HideSolutionNode = FALSE
	EndGlobalSection
	GlobalSection(ExtensibilityGlobals) = postSolution
		SolutionGuid = {E202D98B-F631-4B66-A416-779FD7C1C2BB}
	EndGlobalSection
EndGlobal
